hash: 58347e1394d15bb08371c1c717e30a7b5e7e7009501255cf797f5973eb40afbc
updated: 2019-02-07T12:49:21.670431+05:30
imports:
- name: github.com/BurntSushi/toml
  version: bbd5bb678321a0d6e58f1099321dfa73391c1b6f
- name: github.com/dgrijalva/jwt-go
  version: 3af4c746e1c248ee8491a3e0c6f7a9cd831e95f8
- name: github.com/IBM-Bluemix/bluemix-cli-sdk
  version: 67e7aca80eb41888a684388658ffa0a7f3764682
  subpackages:
  - common/rest
- name: github.com/renier/xmlrpc
  version: ce4a1a486c03a3c6e1816df25b8c559d1879d380
- name: github.com/softlayer/softlayer-go
  version: 82a74c5bf7ff93d32be01ebd603a266b0119a4b7
  subpackages:
  - config
  - datatypes
  - filter
  - services
  - session
  - sl
- name: go.uber.org/atomic
  version: 1ea20fb1cbb1cc08cbd0d913a96dead89aa18289
- name: go.uber.org/multierr
  version: 3c4937480c32f4c13a875a1829af76c98ca3d40a
- name: github.com/fatih/structs
  version: 878a968ab22548362a09bdb3322f98b00f470d46
- name: github.com/kelseyhightower/envconfig
  version: f611eb38b3875cc3bd991ca91c51d06446afa14c
- name: github.com/prometheus/client_golang
  version: c5b7fccd204277076155f10851dad72b76a49317
  subpackages:
  - prometheus
  - prometheus/promhttp
- name: github.com/beorn7/perks
  version: 3a771d992973f24aa725d07868b467d1ddfceafb
  subpackages:
  - quantile
- name: github.com/gogo/protobuf
  version: 342cbe0a04158f6dcb03ca0079991a51a4248c02
  subpackages:
  - gogoproto
  - proto
  - protoc-gen-gogo/descriptor
- name: github.com/golang/protobuf
  version: 1e59b77b52bf8e4b449a57e6f79f21226d571845
  subpackages:
  - proto
  - ptypes
  - ptypes/any
  - ptypes/duration
  - ptypes/timestamp
- name: github.com/mattn/go-isatty
  version: 369ecd8cea9851e459abb67eb171853e3986591e
- name: github.com/matttproud/golang_protobuf_extensions
  version: c182affec369e30f25d3eb8cd8a478dee585ae7d
  subpackages:
  - pbutil
- name: go.uber.org/zap
  version: eeedf312bc6c57391d84767a4cd413f02a917974
  subpackages:
  - buffer
  - internal/bufferpool
  - internal/color
  - internal/exit
  - zapcore
- name: golang.org/x/text
  version: e6919f6577db79269a6443b9dc46d18f2238fb5d
  subpackages:
  - encoding
  - encoding/charmap
  - encoding/htmlindex
  - encoding/internal
  - encoding/internal/identifier
  - encoding/japanese
  - encoding/korean
  - encoding/simplifiedchinese
  - encoding/traditionalchinese
  - encoding/unicode
  - internal/language
  - internal/language/compact
  - internal/tag
  - internal/utf8internal
  - language
  - runes
  - transform
testImports:
- name: github.com/davecgh/go-spew
  version: d8f796af33cc11cb798c1aaeb27a4ebc5099927d
  subpackages:
  - spew
- name: github.com/hpcloud/tail
  version: a1dbeea552b7c8df4b542c66073e393de198a800
  subpackages:
  - ratelimiter
  - util
  - watch
  - winfile
- name: github.com/onsi/ginkgo
  version: f4937865e46ae8fd3aff745450e1b51b4aad3552
  subpackages:
  - config
  - internal/codelocation
  - internal/containernode
  - internal/failer
  - internal/leafnodes
  - internal/remote
  - internal/spec
  - internal/spec_iterator
  - internal/specrunner
  - internal/suite
  - internal/testingtproxy
  - internal/writer
  - reporters
  - reporters/stenographer
  - reporters/stenographer/support/go-colorable
  - reporters/stenographer/support/go-isatty
  - types
- name: github.com/onsi/gomega
  version: 5533ce8a0da374da682cd53d70ddcc54adf1a710
  subpackages:
  - format
  - internal/assertion
  - internal/asyncassertion
  - internal/oraclematcher
  - internal/testingtsupport
  - matchers
  - matchers/support/goraph/bipartitegraph
  - matchers/support/goraph/edge
  - matchers/support/goraph/node
  - matchers/support/goraph/util
  - types
- name: github.com/rs/xid
  version: cc5ec5782ac92773c5cc967b35ac567c2ac73e53
- name: github.com/pmezard/go-difflib
  version: 5d4384ee4fb2527b0a1256a821ebfc92f91efefc
  subpackages:
  - difflib
- name: github.com/stretchr/testify
  version: 363ebb24d041ccea8068222281c2e963e997b9dc
  subpackages:
  - assert
- name: golang.org/x/net
  version: 65e2d4e15006aab9813ff8769e768bbf4bb667a0
  subpackages:
  - html
  - html/atom
  - html/charset
- name: golang.org/x/sys
  version: 41f3e6584952bb034a481797859f6ab34b6803bd
  subpackages:
  - unix
- name: gopkg.in/fsnotify/fsnotify.v1
  version: c2828203cd70a50dcccfb2761f8b1f8ceef9a8e9
- name: gopkg.in/tomb.v1
  version: c131134a1947e9afd9cecfe11f4c6dff0732ae58
- name: gopkg.in/yaml.v2
  version: 51d6538a90f86fe93ac480b35f37b2be17fef232
